
Microsoft Visual Studio Solution File, Format Version 12.00
Project("{FAE04EC0-301F-11D3-BF4B-00C04F79EFBC}") = "Calculator.Application", "Calculator.Application\Calculator.Application.csproj", "{33BA9012-83B9-46D6-B480-E16B2B2C5F55}"
EndProject
Project("{FAE04EC0-301F-11D3-BF4B-00C04F79EFBC}") = "Calculator.Test", "Calculator.Test\Calculator.Test.csproj", "{08D731E8-BF0C-4870-9597-96032758AED7}"
EndProject
Global
	GlobalSection(SolutionConfigurationPlatforms) = preSolution
		Debug|Any CPU = Debug|Any CPU
		Release|Any CPU = Release|Any CPU
	EndGlobalSection
	GlobalSection(ProjectConfigurationPlatforms) = postSolution
		{33BA9012-83B9-46D6-B480-E16B2B2C5F55}.Debug|Any CPU.ActiveCfg = Debug|Any CPU
		{33BA9012-83B9-46D6-B480-E16B2B2C5F55}.Debug|Any CPU.Build.0 = Debug|Any CPU
		{33BA9012-83B9-46D6-B480-E16B2B2C5F55}.Release|Any CPU.ActiveCfg = Release|Any CPU
		{33BA9012-83B9-46D6-B480-E16B2B2C5F55}.Release|Any CPU.Build.0 = Release|Any CPU
		{08D731E8-BF0C-4870-9597-96032758AED7}.Debug|Any CPU.ActiveCfg = Debug|Any CPU
		{08D731E8-BF0C-4870-9597-96032758AED7}.Debug|Any CPU.Build.0 = Debug|Any CPU
		{08D731E8-BF0C-4870-9597-96032758AED7}.Release|Any CPU.ActiveCfg = Release|Any CPU
		{08D731E8-BF0C-4870-9597-96032758AED7}.Release|Any CPU.Build.0 = Release|Any CPU
	EndGlobalSection
EndGlobal
